// !$*UTF8*$!
{
	archiveVersion = 1;
	classes = {
	};
	objectVersion = 46;
	objects = {

/* Begin PBXBuildFile section */
		EE52084E19F5F58A00748D9D /* GNGradientView.h in CopyFiles */ = {isa = PBXBuildFile; fileRef = EE52084D19F5F58A00748D9D /* GNGradientView.h */; };
		EE52085019F5F58A00748D9D /* GNGradientView.m in Sources */ = {isa = PBXBuildFile; fileRef = EE52084F19F5F58A00748D9D /* GNGradientView.m */; };
		EE52086419F5F5F900748D9D /* UIView+Gradient.m in Sources */ = {isa = PBXBuildFile; fileRef = EE52086319F5F5F900748D9D /* UIView+Gradient.m */; };
/* End PBXBuildFile section */

/* Begin PBXCopyFilesBuildPhase section */
		EE52084819F5F58A00748D9D /* CopyFiles */ = {
			isa = PBXCopyFilesBuildPhase;
			buildActionMask = 2147483647;
			dstPath = "include/$(PRODUCT_NAME)";
			dstSubfolderSpec = 16;
			files = (
				EE52084E19F5F58A00748D9D /* GNGradientView.h in CopyFiles */,
			);
			runOnlyForDeploymentPostprocessing = 0;
		};
/* End PBXCopyFilesBuildPhase section */

/* Begin PBXFileReference section */
		EE52084A19F5F58A00748D9D /* libGNGradientView.a */ = {isa = PBXFileReference; explicitFileType = archive.ar; includeInIndex = 0; path = libGNGradientView.a; sourceTree = BUILT_PRODUCTS_DIR; };
		EE52084D19F5F58A00748D9D /* GNGradientView.h */ = {isa = PBXFileReference; lastKnownFileType = sourcecode.c.h; path = GNGradientView.h; sourceTree = "<group>"; };
		EE52084F19F5F58A00748D9D /* GNGradientView.m */ = {isa = PBXFileReference; lastKnownFileType = sourcecode.c.objc; path = GNGradientView.m; sourceTree = "<group>"; };
		EE52085519F5F58A00748D9D /* GNGradientViewTests.xctest */ = {isa = PBXFileReference; explicitFileType = wrapper.cfbundle; includeInIndex = 0; path = GNGradientViewTests.xctest; sourceTree = BUILT_PRODUCTS_DIR; };
		EE52085819F5F58A00748D9D /* Info.plist */ = {isa = PBXFileReference; lastKnownFileType = text.plist.xml; path = Info.plist; sourceTree = "<group>"; };
		EE52086119F5F5BA00748D9D /* GNGradientView.podspec */ = {isa = PBXFileReference; lastKnownFileType = text; path = GNGradientView.podspec; sourceTree = "<group>"; };
		EE52086219F5F5F900748D9D /* UIView+Gradient.h */ = {isa = PBXFileReference; fileEncoding = 4; lastKnownFileType = sourcecode.c.h; path = "UIView+Gradient.h"; sourceTree = "<group>"; };
		EE52086319F5F5F900748D9D /* UIView+Gradient.m */ = {isa = PBXFileReference; fileEncoding = 4; lastKnownFileType = sourcecode.c.objc; path = "UIView+Gradient.m"; sourceTree = "<group>"; };
/* End PBXFileReference section */

/* Begin PBXFrameworksBuildPhase section */
		EE52084719F5F58A00748D9D /* Frameworks */ = {
			isa = PBXFrameworksBuildPhase;
			buildActionMask = 2147483647;
			files = (
			);
			runOnlyForDeploymentPostprocessing = 0;
		};
		EE52085219F5F58A00748D9D /* Frameworks */ = {
			isa = PBXFrameworksBuildPhase;
			buildActionMask = 2147483647;
			files = (
			);
			runOnlyForDeploymentPostprocessing = 0;
		};
/* End PBXFrameworksBuildPhase section */

/* Begin PBXGroup section */
		EE52084119F5F58A00748D9D = {
			isa = PBXGroup;
			children = (
				EE52086119F5F5BA00748D9D /* GNGradientView.podspec */,
				EE52084C19F5F58A00748D9D /* GNGradientView */,
				EE52085619F5F58A00748D9D /* GNGradientViewTests */,
				EE52084B19F5F58A00748D9D /* Products */,
			);
			sourceTree = "<group>";
		};
		EE52084B19F5F58A00748D9D /* Products */ = {
			isa = PBXGroup;
			children = (
				EE52084A19F5F58A00748D9D /* libGNGradientView.a */,
				EE52085519F5F58A00748D9D /* GNGradientViewTests.xctest */,
			);
			name = Products;
			sourceTree = "<group>";
		};
		EE52084C19F5F58A00748D9D /* GNGradientView */ = {
			isa = PBXGroup;
			children = (
				EE52084D19F5F58A00748D9D /* GNGradientView.h */,
				EE52084F19F5F58A00748D9D /* GNGradientView.m */,
				EE52086219F5F5F900748D9D /* UIView+Gradient.h */,
				EE52086319F5F5F900748D9D /* UIView+Gradient.m */,
			);
			path = GNGradientView;
			sourceTree = "<group>";
		};
		EE52085619F5F58A00748D9D /* GNGradientViewTests */ = {
			isa = PBXGroup;
			children = (
				EE52085719F5F58A00748D9D /* Supporting Files */,
			);
			path = GNGradientViewTests;
			sourceTree = "<group>";
		};
		EE52085719F5F58A00748D9D /* Supporting Files */ = {
			isa = PBXGroup;
			children = (
				EE52085819F5F58A00748D9D /* Info.plist */,
			);
			name = "Supporting Files";
			sourceTree = "<group>";
		};
/* End PBXGroup section */

/* Begin PBXNativeTarget section */
		EE52084919F5F58A00748D9D /* GNGradientView */ = {
			isa = PBXNativeTarget;
			buildConfigurationList = EE52085B19F5F58A00748D9D /* Build configuration list for PBXNativeTarget "GNGradientView" */;
			buildPhases = (
				EE52084619F5F58A00748D9D /* Sources */,
				EE52084719F5F58A00748D9D /* Frameworks */,
				EE52084819F5F58A00748D9D /* CopyFiles */,
			);
			buildRules = (
			);
			dependencies = (
			);
			name = GNGradientView;
			productName = GNGradientView;
			productReference = EE52084A19F5F58A00748D9D /* libGNGradientView.a */;
			productType = "com.apple.product-type.library.static";
		};
		EE52085419F5F58A00748D9D /* GNGradientViewTests */ = {
			isa = PBXNativeTarget;
			buildConfigurationList = EE52085E19F5F58A00748D9D /* Build configuration list for PBXNativeTarget "GNGradientViewTests" */;
			buildPhases = (
				EE52085119F5F58A00748D9D /* Sources */,
				EE52085219F5F58A00748D9D /* Frameworks */,
				EE52085319F5F58A00748D9D /* Resources */,
			);
			buildRules = (
			);
			dependencies = (
			);
			name = GNGradientViewTests;
			productName = GNGradientViewTests;
			productReference = EE52085519F5F58A00748D9D /* GNGradientViewTests.xctest */;
			productType = "com.apple.product-type.bundle.unit-test";
		};
/* End PBXNativeTarget section */

/* Begin PBXProject section */
		EE52084219F5F58A00748D9D /* Project object */ = {
			isa = PBXProject;
			attributes = {
				LastUpgradeCheck = 0600;
				ORGANIZATIONNAME = "Jakub Knejzlik";
				TargetAttributes = {
					EE52084919F5F58A00748D9D = {
						CreatedOnToolsVersion = 6.0.1;
					};
					EE52085419F5F58A00748D9D = {
						CreatedOnToolsVersion = 6.0.1;
					};
				};
			};
			buildConfigurationList = EE52084519F5F58A00748D9D /* Build configuration list for PBXProject "GNGradientView" */;
			compatibilityVersion = "Xcode 3.2";
			developmentRegion = English;
			hasScannedForEncodings = 0;
			knownRegions = (
				en,
			);
			mainGroup = EE52084119F5F58A00748D9D;
			productRefGroup = EE52084B19F5F58A00748D9D /* Products */;
			projectDirPath = "";
			projectRoot = "";
			targets = (
				EE52084919F5F58A00748D9D /* GNGradientView */,
				EE52085419F5F58A00748D9D /* GNGradientViewTests */,
			);
		};
/* End PBXProject section */

/* Begin PBXResourcesBuildPhase section */
		EE52085319F5F58A00748D9D /* Resources */ = {
			isa = PBXResourcesBuildPhase;
			buildActionMask = 2147483647;
			files = (
			);
			runOnlyForDeploymentPostprocessing = 0;
		};
/* End PBXResourcesBuildPhase section */

/* Begin PBXSourcesBuildPhase section */
		EE52084619F5F58A00748D9D /* Sources */ = {
			isa = PBXSourcesBuildPhase;
			buildActionMask = 2147483647;
			files = (
				EE52086419F5F5F900748D9D /* UIView+Gradient.m in Sources */,
				EE52085019F5F58A00748D9D /* GNGradientView.m in Sources */,
			);
			runOnlyForDeploymentPostprocessing = 0;
		};
		EE52085119F5F58A00748D9D /* Sources */ = {
			isa = PBXSourcesBuildPhase;
			buildActionMask = 2147483647;
			files = (
			);
			runOnlyForDeploymentPostprocessing = 0;
		};
/* End PBXSourcesBuildPhase section */

/* Begin XCBuildConfiguration section */
		EE52085919F5F58A00748D9D /* Debug */ = {
			isa = XCBuildConfiguration;
			buildSettings = {
				ALWAYS_SEARCH_USER_PATHS = NO;
				CLANG_CXX_LANGUAGE_STANDARD = "gnu++0x";
				CLANG_CXX_LIBRARY = "libc++";
				CLANG_ENABLE_MODULES = YES;
				CLANG_ENABLE_OBJC_ARC = YES;
				CLANG_WARN_BOOL_CONVERSION = YES;
				CLANG_WARN_CONSTANT_CONVERSION = YES;
				CLANG_WARN_DIRECT_OBJC_ISA_USAGE = YES_ERROR;
				CLANG_WARN_EMPTY_BODY = YES;
				CLANG_WARN_ENUM_CONVERSION = YES;
				CLANG_WARN_INT_CONVERSION = YES;
				CLANG_WARN_OBJC_ROOT_CLASS = YES_ERROR;
				CLANG_WARN_UNREACHABLE_CODE = YES;
				CLANG_WARN__DUPLICATE_METHOD_MATCH = YES;
				COPY_PHASE_STRIP = NO;
				ENABLE_STRICT_OBJC_MSGSEND = YES;
				GCC_C_LANGUAGE_STANDARD = gnu99;
				GCC_DYNAMIC_NO_PIC = NO;
				GCC_OPTIMIZATION_LEVEL = 0;
				GCC_PREPROCESSOR_DEFINITIONS = (
					"DEBUG=1",
					"$(inherited)",
				);
				GCC_SYMBOLS_PRIVATE_EXTERN = NO;
				GCC_WARN_64_TO_32_BIT_CONVERSION = YES;
				GCC_WARN_ABOUT_RETURN_TYPE = YES_ERROR;
				GCC_WARN_UNDECLARED_SELECTOR = YES;
				GCC_WARN_UNINITIALIZED_AUTOS = YES_AGGRESSIVE;
				GCC_WARN_UNUSED_FUNCTION = YES;
				GCC_WARN_UNUSED_VARIABLE = YES;
				IPHONEOS_DEPLOYMENT_TARGET = 8.0;
				MTL_ENABLE_DEBUG_INFO = YES;
				ONLY_ACTIVE_ARCH = YES;
				SDKROOT = iphoneos;
			};
			name = Debug;
		};
		EE52085A19F5F58A00748D9D /* Release */ = {
			isa = XCBuildConfiguration;
			buildSettings = {
				ALWAYS_SEARCH_USER_PATHS = NO;
				CLANG_CXX_LANGUAGE_STANDARD = "gnu++0x";
				CLANG_CXX_LIBRARY = "libc++";
				CLANG_ENABLE_MODULES = YES;
				CLANG_ENABLE_OBJC_ARC = YES;
				CLANG_WARN_BOOL_CONVERSION = YES;
				CLANG_WARN_CONSTANT_CONVERSION = YES;
				CLANG_WARN_DIRECT_OBJC_ISA_USAGE = YES_ERROR;
				CLANG_WARN_EMPTY_BODY = YES;
				CLANG_WARN_ENUM_CONVERSION = YES;
				CLANG_WARN_INT_CONVERSION = YES;
				CLANG_WARN_OBJC_ROOT_CLASS = YES_ERROR;
				CLANG_WARN_UNREACHABLE_CODE = YES;
				CLANG_WARN__DUPLICATE_METHOD_MATCH = YES;
				COPY_PHASE_STRIP = YES;
				ENABLE_NS_ASSERTIONS = NO;
				ENABLE_STRICT_OBJC_MSGSEND = YES;
				GCC_C_LANGUAGE_STANDARD = gnu99;
				GCC_WARN_64_TO_32_BIT_CONVERSION = YES;
				GCC_WARN_ABOUT_RETURN_TYPE = YES_ERROR;
				GCC_WARN_UNDECLARED_SELECTOR = YES;
				GCC_WARN_UNINITIALIZED_AUTOS = YES_AGGRESSIVE;
				GCC_WARN_UNUSED_FUNCTION = YES;
				GCC_WARN_UNUSED_VARIABLE = YES;
				IPHONEOS_DEPLOYMENT_TARGET = 8.0;
				MTL_ENABLE_DEBUG_INFO = NO;
				SDKROOT = iphoneos;
				VALIDATE_PRODUCT = YES;
			};
			name = Release;
		};
		EE52085C19F5F58A00748D9D /* Debug */ = {
			isa = XCBuildConfiguration;
			buildSettings = {
				OTHER_LDFLAGS = "-ObjC";
				PRODUCT_NAME = "$(TARGET_NAME)";
				SKIP_INSTALL = YES;
			};
			name = Debug;
		};
		EE52085D19F5F58A00748D9D /* Release */ = {
			isa = XCBuildConfiguration;
			buildSettings = {
				OTHER_LDFLAGS = "-ObjC";
				PRODUCT_NAME = "$(TARGET_NAME)";
				SKIP_INSTALL = YES;
			};
			name = Release;
		};
		EE52085F19F5F58A00748D9D /* Debug */ = {
			isa = XCBuildConfiguration;
			buildSettings = {
				FRAMEWORK_SEARCH_PATHS = (
					"$(SDKROOT)/Developer/Library/Frameworks",
					"$(inherited)",
				);
				GCC_PREPROCESSOR_DEFINITIONS = (
					"DEBUG=1",
					"$(inherited)",
				);
				INFOPLIST_FILE = GNGradientViewTests/Info.plist;
				LD_RUNPATH_SEARCH_PATHS = "$(inherited) @executable_path/Frameworks @loader_path/Frameworks";
				PRODUCT_NAME = "$(TARGET_NAME)";
			};
			name = Debug;
		};
		EE52086019F5F58A00748D9D /* Release */ = {
			isa = XCBuildConfiguration;
			buildSettings = {
				FRAMEWORK_SEARCH_PATHS = (
					"$(SDKROOT)/Developer/Library/Frameworks",
					"$(inherited)",
				);
				INFOPLIST_FILE = GNGradientViewTests/Info.plist;
				LD_RUNPATH_SEARCH_PATHS = "$(inherited) @executable_path/Frameworks @loader_path/Frameworks";
				PRODUCT_NAME = "$(TARGET_NAME)";
			};
			name = Release;
		};
/* End XCBuildConfiguration section */

/* Begin XCConfigurationList section */
		EE52084519F5F58A00748D9D /* Build configuration list for PBXProject "GNGradientView" */ = {
			isa = XCConfigurationList;
			buildConfigurations = (
				EE52085919F5F58A00748D9D /* Debug */,
				EE52085A19F5F58A00748D9D /* Release */,
			);
			defaultConfigurationIsVisible = 0;
			defaultConfigurationName = Release;
		};
		EE52085B19F5F58A00748D9D /* Build configuration list for PBXNativeTarget "GNGradientView" */ = {
			isa = XCConfigurationList;
			buildConfigurations = (
				EE52085C19F5F58A00748D9D /* Debug */,
				EE52085D19F5F58A00748D9D /* Release */,
			);
			defaultConfigurationIsVisible = 0;
		};
		EE52085E19F5F58A00748D9D /* Build configuration list for PBXNativeTarget "GNGradientViewTests" */ = {
			isa = XCConfigurationList;
			buildConfigurations = (
				EE52085F19F5F58A00748D9D /* Debug */,
				EE52086019F5F58A00748D9D /* Release */,
			);
			defaultConfigurationIsVisible = 0;
		};
/* End XCConfigurationList section */
	};
	rootObject = EE52084219F5F58A00748D9D /* Project object */;
}
